
Microsoft Visual Studio Solution File, Format Version 12.00
# Visual Studio Version 17
VisualStudioVersion = 17.5.33627.172
MinimumVisualStudioVersion = 10.0.40219.1
Project("{FAE04EC0-301F-11D3-BF4B-00C04F79EFBC}") = "PublicBook", "PublicBook\PublicBook.csproj", "{E3811971-AD47-4341-8FD6-AED9F002B62E}"
EndProject
Global
	GlobalSection(SolutionConfigurationPlatforms) = preSolution
		Debug|Any CPU = Debug|Any CPU
		Release|Any CPU = Release|Any CPU
	EndGlobalSection
	GlobalSection(ProjectConfigurationPlatforms) = postSolution
		{E3811971-AD47-4341-8FD6-AED9F002B62E}.Debug|Any CPU.ActiveCfg = Debug|Any CPU
		{E3811971-AD47-4341-8FD6-AED9F002B62E}.Debug|Any CPU.Build.0 = Debug|Any CPU
		{E3811971-AD47-4341-8FD6-AED9F002B62E}.Release|Any CPU.ActiveCfg = Release|Any CPU
		{E3811971-AD47-4341-8FD6-AED9F002B62E}.Release|Any CPU.Build.0 = Release|Any CPU
	EndGlobalSection
	GlobalSection(SolutionProperties) = preSolution
		HideSolutionNode = FALSE
	EndGlobalSection
	GlobalSection(ExtensibilityGlobals) = postSolution
		SolutionGuid = {801A30D3-A5D5-40A2-8F3E-AF86C74DC96A}
	EndGlobalSection
EndGlobal
